{
    "_readme": [
        "This file locks the dependencies of your project to a known state",
        "Read more about it at https://getcomposer.org/doc/01-basic-usage.md#installing-dependencies",
        "This file is @generated automatically"
    ],
    "content-hash": "a9e294848021681adbcc94f8a0cb4f26",
    "packages": [
        {
            "name": "faapz/pdo",
            "version": "v2.2.1",
            "source": {
                "type": "git",
                "url": "https://github.com/FaaPz/PDO.git",
                "reference": "d1de9b42b3d11188886055d93a2d68cc2765fa10"
            },
            "dist": {
                "type": "zip",
                "url": "https://api.github.com/repos/FaaPz/PDO/zipball/d1de9b42b3d11188886055d93a2d68cc2765fa10",
                "reference": "d1de9b42b3d11188886055d93a2d68cc2765fa10",
                "shasum": ""
            },
            "require": {
                "ext-pdo": "*",
                "php": ">=7.2.0"
            },
            "require-dev": {
                "phan/phan": "^5",
                "phpunit/phpunit": "^8",
                "squizlabs/php_codesniffer": "3.*"
            },
            "type": "library",
            "autoload": {
                "psr-4": {
                    "FaaPz\\PDO\\": "src/"
                }
            },
            "notification-url": "https://packagist.org/downloads/",
            "license": [
                "MIT"
            ],
            "authors": [
                {
                    "name": "Fabian de Laender",
                    "email": "fabian@faapz.productions",
                    "homepage": "https://faapz.productions",
                    "role": "Owner"
                },
                {
                    "name": "Alexander Barker",
                    "email": "alex@1stleg.com",
                    "homepage": "https://github.com/kwhat/",
                    "role": "Collaborator"
                }
            ],
            "description": "Just another PDO database library",
            "homepage": "https://github.com/FaaPz/PDO",
            "keywords": [
                "database",
                "pdo",
                "sql"
            ],
            "support": {
                "docs": "https://github.com/FaaPz/PDO/blob/master/docs/README.md",
                "issues": "https://github.com/FaaPz/PDO/issues",
                "source": "https://github.com/FaaPz/PDO/tree/v2.2.1"
            },
            "time": "2022-08-11T01:08:08+00:00"
        },
        {
            "name": "symfony/dotenv",
            "version": "v6.2.8",
            "source": {
                "type": "git",
                "url": "https://github.com/symfony/dotenv.git",
                "reference": "4481aa45be7a11d2335c1d5b5bbe2f0c6199b105"
            },
            "dist": {
                "type": "zip",
                "url": "https://api.github.com/repos/symfony/dotenv/zipball/4481aa45be7a11d2335c1d5b5bbe2f0c6199b105",
                "reference": "4481aa45be7a11d2335c1d5b5bbe2f0c6199b105",
                "shasum": ""
            },
            "require": {
                "php": ">=8.1"
            },
            "conflict": {
                "symfony/console": "<5.4",
                "symfony/process": "<5.4"
            },
            "require-dev": {
                "symfony/console": "^5.4|^6.0",
                "symfony/process": "^5.4|^6.0"
            },
            "type": "library",
            "autoload": {
                "psr-4": {
                    "Symfony\\Component\\Dotenv\\": ""
                },
                "exclude-from-classmap": [
                    "/Tests/"
                ]
            },
            "notification-url": "https://packagist.org/downloads/",
            "license": [
                "MIT"
            ],
            "authors": [
                {
                    "name": "Fabien Potencier",
                    "email": "fabien@symfony.com"
                },
                {
                    "name": "Symfony Community",
                    "homepage": "https://symfony.com/contributors"
                }
            ],
            "description": "Registers environment variables from a .env file",
            "homepage": "https://symfony.com",
            "keywords": [
                "dotenv",
                "env",
                "environment"
            ],
            "support": {
                "source": "https://github.com/symfony/dotenv/tree/v6.2.8"
            },
            "funding": [
                {
                    "url": "https://symfony.com/sponsor",
                    "type": "custom"
                },
                {
                    "url": "https://github.com/fabpot",
                    "type": "github"
                },
                {
                    "url": "https://tidelift.com/funding/github/packagist/symfony/symfony",
                    "type": "tidelift"
                }
            ],
            "time": "2023-03-10T10:06:03+00:00"
        }
    ],
    "packages-dev": [],
    "aliases": [],
    "minimum-stability": "stable",
    "stability-flags": [],
    "prefer-stable": false,
    "prefer-lowest": false,
    "platform": [],
    "platform-dev": [],
    "plugin-api-version": "2.3.0"
}
